// !$*UTF8*$!
{
	archiveVersion = 1;
	classes = {
	};
	objectVersion = 50;
	objects = {

/* Begin PBXBuildFile section */
		0C2639E522E1CEB80069B601 /* AppDelegate.m in Sources */ = {isa = PBXBuildFile; fileRef = 0C2639E422E1CEB80069B601 /* AppDelegate.m */; };
		0C2639E822E1CEB80069B601 /* ViewController.m in Sources */ = {isa = PBXBuildFile; fileRef = 0C2639E722E1CEB80069B601 /* ViewController.m */; };
		0C2639EB22E1CEB80069B601 /* Main.storyboard in Resources */ = {isa = PBXBuildFile; fileRef = 0C2639E922E1CEB80069B601 /* Main.storyboard */; };
		0C2639ED22E1CEBA0069B601 /* Assets.xcassets in Resources */ = {isa = PBXBuildFile; fileRef = 0C2639EC22E1CEBA0069B601 /* Assets.xcassets */; };
		0C2639F022E1CEBA0069B601 /* LaunchScreen.storyboard in Resources */ = {isa = PBXBuildFile; fileRef = 0C2639EE22E1CEBA0069B601 /* LaunchScreen.storyboard */; };
		0C2639F322E1CEBA0069B601 /* main.m in Sources */ = {isa = PBXBuildFile; fileRef = 0C2639F222E1CEBA0069B601 /* main.m */; };
		0C2639FD22E1CEBA0069B601 /* CardAnimationTests.m in Sources */ = {isa = PBXBuildFile; fileRef = 0C2639FC22E1CEBA0069B601 /* CardAnimationTests.m */; };
		0C263A0822E1CEBA0069B601 /* CardAnimationUITests.m in Sources */ = {isa = PBXBuildFile; fileRef = 0C263A0722E1CEBA0069B601 /* CardAnimationUITests.m */; };
		0C263A1822E1D09E0069B601 /* CardCollectionViewCell.m in Sources */ = {isa = PBXBuildFile; fileRef = 0C263A1622E1D09E0069B601 /* CardCollectionViewCell.m */; };
		0C263A1922E1D09E0069B601 /* CardCollectionViewCell.xib in Resources */ = {isa = PBXBuildFile; fileRef = 0C263A1722E1D09E0069B601 /* CardCollectionViewCell.xib */; };
		0C263A1B22E1D1400069B601 /* image1.png in Resources */ = {isa = PBXBuildFile; fileRef = 0C263A1A22E1D1400069B601 /* image1.png */; };
		0C263A1F22E1D5400069B601 /* DetailViewController.m in Sources */ = {isa = PBXBuildFile; fileRef = 0C263A1D22E1D5400069B601 /* DetailViewController.m */; };
		0C263A2022E1D5400069B601 /* DetailViewController.xib in Resources */ = {isa = PBXBuildFile; fileRef = 0C263A1E22E1D5400069B601 /* DetailViewController.xib */; };
		0C263A2322E1D9600069B601 /* CustomTransition.m in Sources */ = {isa = PBXBuildFile; fileRef = 0C263A2222E1D9600069B601 /* CustomTransition.m */; };
		0C263A2622E1FA5B0069B601 /* instantPanGesture.m in Sources */ = {isa = PBXBuildFile; fileRef = 0C263A2522E1FA5B0069B601 /* instantPanGesture.m */; };
/* End PBXBuildFile section */

/* Begin PBXContainerItemProxy section */
		0C2639F922E1CEBA0069B601 /* PBXContainerItemProxy */ = {
			isa = PBXContainerItemProxy;
			containerPortal = 0C2639D822E1CEB70069B601 /* Project object */;
			proxyType = 1;
			remoteGlobalIDString = 0C2639DF22E1CEB80069B601;
			remoteInfo = CardAnimation;
		};
		0C263A0422E1CEBA0069B601 /* PBXContainerItemProxy */ = {
			isa = PBXContainerItemProxy;
			containerPortal = 0C2639D822E1CEB70069B601 /* Project object */;
			proxyType = 1;
			remoteGlobalIDString = 0C2639DF22E1CEB80069B601;
			remoteInfo = CardAnimation;
		};
/* End PBXContainerItemProxy section */

/* Begin PBXFileReference section */
		0C2639E022E1CEB80069B601 /* CardAnimation.app */ = {isa = PBXFileReference; explicitFileType = wrapper.application; includeInIndex = 0; path = CardAnimation.app; sourceTree = BUILT_PRODUCTS_DIR; };
		0C2639E322E1CEB80069B601 /* AppDelegate.h */ = {isa = PBXFileReference; lastKnownFileType = sourcecode.c.h; path = AppDelegate.h; sourceTree = "<group>"; };
		0C2639E422E1CEB80069B601 /* AppDelegate.m */ = {isa = PBXFileReference; lastKnownFileType = sourcecode.c.objc; path = AppDelegate.m; sourceTree = "<group>"; };
		0C2639E622E1CEB80069B601 /* ViewController.h */ = {isa = PBXFileReference; lastKnownFileType = sourcecode.c.h; path = ViewController.h; sourceTree = "<group>"; };
		0C2639E722E1CEB80069B601 /* ViewController.m */ = {isa = PBXFileReference; lastKnownFileType = sourcecode.c.objc; path = ViewController.m; sourceTree = "<group>"; };
		0C2639EA22E1CEB80069B601 /* Base */ = {isa = PBXFileReference; lastKnownFileType = file.storyboard; name = Base; path = Base.lproj/Main.storyboard; sourceTree = "<group>"; };
		0C2639EC22E1CEBA0069B601 /* Assets.xcassets */ = {isa = PBXFileReference; lastKnownFileType = folder.assetcatalog; path = Assets.xcassets; sourceTree = "<group>"; };
		0C2639EF22E1CEBA0069B601 /* Base */ = {isa = PBXFileReference; lastKnownFileType = file.storyboard; name = Base; path = Base.lproj/LaunchScreen.storyboard; sourceTree = "<group>"; };
		0C2639F122E1CEBA0069B601 /* Info.plist */ = {isa = PBXFileReference; lastKnownFileType = text.plist.xml; path = Info.plist; sourceTree = "<group>"; };
		0C2639F222E1CEBA0069B601 /* main.m */ = {isa = PBXFileReference; lastKnownFileType = sourcecode.c.objc; path = main.m; sourceTree = "<group>"; };
		0C2639F822E1CEBA0069B601 /* CardAnimationTests.xctest */ = {isa = PBXFileReference; explicitFileType = wrapper.cfbundle; includeInIndex = 0; path = CardAnimationTests.xctest; sourceTree = BUILT_PRODUCTS_DIR; };
		0C2639FC22E1CEBA0069B601 /* CardAnimationTests.m */ = {isa = PBXFileReference; lastKnownFileType = sourcecode.c.objc; path = CardAnimationTests.m; sourceTree = "<group>"; };
		0C2639FE22E1CEBA0069B601 /* Info.plist */ = {isa = PBXFileReference; lastKnownFileType = text.plist.xml; path = Info.plist; sourceTree = "<group>"; };
		0C263A0322E1CEBA0069B601 /* CardAnimationUITests.xctest */ = {isa = PBXFileReference; explicitFileType = wrapper.cfbundle; includeInIndex = 0; path = CardAnimationUITests.xctest; sourceTree = BUILT_PRODUCTS_DIR; };
		0C263A0722E1CEBA0069B601 /* CardAnimationUITests.m */ = {isa = PBXFileReference; lastKnownFileType = sourcecode.c.objc; path = CardAnimationUITests.m; sourceTree = "<group>"; };
		0C263A0922E1CEBA0069B601 /* Info.plist */ = {isa = PBXFileReference; lastKnownFileType = text.plist.xml; path = Info.plist; sourceTree = "<group>"; };
		0C263A1522E1D09E0069B601 /* CardCollectionViewCell.h */ = {isa = PBXFileReference; lastKnownFileType = sourcecode.c.h; path = CardCollectionViewCell.h; sourceTree = "<group>"; };
		0C263A1622E1D09E0069B601 /* CardCollectionViewCell.m */ = {isa = PBXFileReference; lastKnownFileType = sourcecode.c.objc; path = CardCollectionViewCell.m; sourceTree = "<group>"; };
		0C263A1722E1D09E0069B601 /* CardCollectionViewCell.xib */ = {isa = PBXFileReference; lastKnownFileType = file.xib; path = CardCollectionViewCell.xib; sourceTree = "<group>"; };
		0C263A1A22E1D1400069B601 /* image1.png */ = {isa = PBXFileReference; lastKnownFileType = image.png; path = image1.png; sourceTree = "<group>"; };
		0C263A1C22E1D5400069B601 /* DetailViewController.h */ = {isa = PBXFileReference; lastKnownFileType = sourcecode.c.h; path = DetailViewController.h; sourceTree = "<group>"; };
		0C263A1D22E1D5400069B601 /* DetailViewController.m */ = {isa = PBXFileReference; lastKnownFileType = sourcecode.c.objc; path = DetailViewController.m; sourceTree = "<group>"; };
		0C263A1E22E1D5400069B601 /* DetailViewController.xib */ = {isa = PBXFileReference; lastKnownFileType = file.xib; path = DetailViewController.xib; sourceTree = "<group>"; };
		0C263A2122E1D9600069B601 /* CustomTransition.h */ = {isa = PBXFileReference; lastKnownFileType = sourcecode.c.h; path = CustomTransition.h; sourceTree = "<group>"; };
		0C263A2222E1D9600069B601 /* CustomTransition.m */ = {isa = PBXFileReference; lastKnownFileType = sourcecode.c.objc; path = CustomTransition.m; sourceTree = "<group>"; };
		0C263A2422E1FA5B0069B601 /* instantPanGesture.h */ = {isa = PBXFileReference; lastKnownFileType = sourcecode.c.h; path = instantPanGesture.h; sourceTree = "<group>"; };
		0C263A2522E1FA5B0069B601 /* instantPanGesture.m */ = {isa = PBXFileReference; lastKnownFileType = sourcecode.c.objc; path = instantPanGesture.m; sourceTree = "<group>"; };
/* End PBXFileReference section */

/* Begin PBXFrameworksBuildPhase section */
		0C2639DD22E1CEB80069B601 /* Frameworks */ = {
			isa = PBXFrameworksBuildPhase;
			buildActionMask = 2147483647;
			files = (
			);
			runOnlyForDeploymentPostprocessing = 0;
		};
		0C2639F522E1CEBA0069B601 /* Frameworks */ = {
			isa = PBXFrameworksBuildPhase;
			buildActionMask = 2147483647;
			files = (
			);
			runOnlyForDeploymentPostprocessing = 0;
		};
		0C263A0022E1CEBA0069B601 /* Frameworks */ = {
			isa = PBXFrameworksBuildPhase;
			buildActionMask = 2147483647;
			files = (
			);
			runOnlyForDeploymentPostprocessing = 0;
		};
/* End PBXFrameworksBuildPhase section */

/* Begin PBXGroup section */
		0C2639D722E1CEB70069B601 = {
			isa = PBXGroup;
			children = (
				0C2639E222E1CEB80069B601 /* CardAnimation */,
				0C2639FB22E1CEBA0069B601 /* CardAnimationTests */,
				0C263A0622E1CEBA0069B601 /* CardAnimationUITests */,
				0C2639E122E1CEB80069B601 /* Products */,
			);
			sourceTree = "<group>";
		};
		0C2639E122E1CEB80069B601 /* Products */ = {
			isa = PBXGroup;
			children = (
				0C2639E022E1CEB80069B601 /* CardAnimation.app */,
				0C2639F822E1CEBA0069B601 /* CardAnimationTests.xctest */,
				0C263A0322E1CEBA0069B601 /* CardAnimationUITests.xctest */,
			);
			name = Products;
			sourceTree = "<group>";
		};
		0C2639E222E1CEB80069B601 /* CardAnimation */ = {
			isa = PBXGroup;
			children = (
				0C263A1A22E1D1400069B601 /* image1.png */,
				0C263A2422E1FA5B0069B601 /* instantPanGesture.h */,
				0C263A2522E1FA5B0069B601 /* instantPanGesture.m */,
				0C2639E322E1CEB80069B601 /* AppDelegate.h */,
				0C2639E422E1CEB80069B601 /* AppDelegate.m */,
				0C263A1522E1D09E0069B601 /* CardCollectionViewCell.h */,
				0C263A1622E1D09E0069B601 /* CardCollectionViewCell.m */,
				0C263A1722E1D09E0069B601 /* CardCollectionViewCell.xib */,
				0C2639E622E1CEB80069B601 /* ViewController.h */,
				0C2639E722E1CEB80069B601 /* ViewController.m */,
				0C2639E922E1CEB80069B601 /* Main.storyboard */,
				0C2639EC22E1CEBA0069B601 /* Assets.xcassets */,
				0C2639EE22E1CEBA0069B601 /* LaunchScreen.storyboard */,
				0C2639F122E1CEBA0069B601 /* Info.plist */,
				0C2639F222E1CEBA0069B601 /* main.m */,
				0C263A1C22E1D5400069B601 /* DetailViewController.h */,
				0C263A1D22E1D5400069B601 /* DetailViewController.m */,
				0C263A1E22E1D5400069B601 /* DetailViewController.xib */,
				0C263A2122E1D9600069B601 /* CustomTransition.h */,
				0C263A2222E1D9600069B601 /* CustomTransition.m */,
			);
			path = CardAnimation;
			sourceTree = "<group>";
		};
		0C2639FB22E1CEBA0069B601 /* CardAnimationTests */ = {
			isa = PBXGroup;
			children = (
				0C2639FC22E1CEBA0069B601 /* CardAnimationTests.m */,
				0C2639FE22E1CEBA0069B601 /* Info.plist */,
			);
			path = CardAnimationTests;
			sourceTree = "<group>";
		};
		0C263A0622E1CEBA0069B601 /* CardAnimationUITests */ = {
			isa = PBXGroup;
			children = (
				0C263A0722E1CEBA0069B601 /* CardAnimationUITests.m */,
				0C263A0922E1CEBA0069B601 /* Info.plist */,
			);
			path = CardAnimationUITests;
			sourceTree = "<group>";
		};
/* End PBXGroup section */

/* Begin PBXNativeTarget section */
		0C2639DF22E1CEB80069B601 /* CardAnimation */ = {
			isa = PBXNativeTarget;
			buildConfigurationList = 0C263A0C22E1CEBA0069B601 /* Build configuration list for PBXNativeTarget "CardAnimation" */;
			buildPhases = (
				0C2639DC22E1CEB80069B601 /* Sources */,
				0C2639DD22E1CEB80069B601 /* Frameworks */,
				0C2639DE22E1CEB80069B601 /* Resources */,
			);
			buildRules = (
			);
			dependencies = (
			);
			name = CardAnimation;
			productName = CardAnimation;
			productReference = 0C2639E022E1CEB80069B601 /* CardAnimation.app */;
			productType = "com.apple.product-type.application";
		};
		0C2639F722E1CEBA0069B601 /* CardAnimationTests */ = {
			isa = PBXNativeTarget;
			buildConfigurationList = 0C263A0F22E1CEBA0069B601 /* Build configuration list for PBXNativeTarget "CardAnimationTests" */;
			buildPhases = (
				0C2639F422E1CEBA0069B601 /* Sources */,
				0C2639F522E1CEBA0069B601 /* Frameworks */,
				0C2639F622E1CEBA0069B601 /* Resources */,
			);
			buildRules = (
			);
			dependencies = (
				0C2639FA22E1CEBA0069B601 /* PBXTargetDependency */,
			);
			name = CardAnimationTests;
			productName = CardAnimationTests;
			productReference = 0C2639F822E1CEBA0069B601 /* CardAnimationTests.xctest */;
			productType = "com.apple.product-type.bundle.unit-test";
		};
		0C263A0222E1CEBA0069B601 /* CardAnimationUITests */ = {
			isa = PBXNativeTarget;
			buildConfigurationList = 0C263A1222E1CEBA0069B601 /* Build configuration list for PBXNativeTarget "CardAnimationUITests" */;
			buildPhases = (
				0C2639FF22E1CEBA0069B601 /* Sources */,
				0C263A0022E1CEBA0069B601 /* Frameworks */,
				0C263A0122E1CEBA0069B601 /* Resources */,
			);
			buildRules = (
			);
			dependencies = (
				0C263A0522E1CEBA0069B601 /* PBXTargetDependency */,
			);
			name = CardAnimationUITests;
			productName = CardAnimationUITests;
			productReference = 0C263A0322E1CEBA0069B601 /* CardAnimationUITests.xctest */;
			productType = "com.apple.product-type.bundle.ui-testing";
		};
/* End PBXNativeTarget section */

/* Begin PBXProject section */
		0C2639D822E1CEB70069B601 /* Project object */ = {
			isa = PBXProject;
			attributes = {
				LastUpgradeCheck = 1020;
				ORGANIZATIONNAME = LaNet;
				TargetAttributes = {
					0C2639DF22E1CEB80069B601 = {
						CreatedOnToolsVersion = 10.2;
					};
					0C2639F722E1CEBA0069B601 = {
						CreatedOnToolsVersion = 10.2;
						TestTargetID = 0C2639DF22E1CEB80069B601;
					};
					0C263A0222E1CEBA0069B601 = {
						CreatedOnToolsVersion = 10.2;
						TestTargetID = 0C2639DF22E1CEB80069B601;
					};
				};
			};
			buildConfigurationList = 0C2639DB22E1CEB70069B601 /* Build configuration list for PBXProject "CardAnimation" */;
			compatibilityVersion = "Xcode 9.3";
			developmentRegion = en;
			hasScannedForEncodings = 0;
			knownRegions = (
				en,
				Base,
			);
			mainGroup = 0C2639D722E1CEB70069B601;
			productRefGroup = 0C2639E122E1CEB80069B601 /* Products */;
			projectDirPath = "";
			projectRoot = "";
			targets = (
				0C2639DF22E1CEB80069B601 /* CardAnimation */,
				0C2639F722E1CEBA0069B601 /* CardAnimationTests */,
				0C263A0222E1CEBA0069B601 /* CardAnimationUITests */,
			);
		};
/* End PBXProject section */

/* Begin PBXResourcesBuildPhase section */
		0C2639DE22E1CEB80069B601 /* Resources */ = {
			isa = PBXResourcesBuildPhase;
			buildActionMask = 2147483647;
			files = (
				0C263A1922E1D09E0069B601 /* CardCollectionViewCell.xib in Resources */,
				0C263A2022E1D5400069B601 /* DetailViewController.xib in Resources */,
				0C263A1B22E1D1400069B601 /* image1.png in Resources */,
				0C2639F022E1CEBA0069B601 /* LaunchScreen.storyboard in Resources */,
				0C2639ED22E1CEBA0069B601 /* Assets.xcassets in Resources */,
				0C2639EB22E1CEB80069B601 /* Main.storyboard in Resources */,
			);
			runOnlyForDeploymentPostprocessing = 0;
		};
		0C2639F622E1CEBA0069B601 /* Resources */ = {
			isa = PBXResourcesBuildPhase;
			buildActionMask = 2147483647;
			files = (
			);
			runOnlyForDeploymentPostprocessing = 0;
		};
		0C263A0122E1CEBA0069B601 /* Resources */ = {
			isa = PBXResourcesBuildPhase;
			buildActionMask = 2147483647;
			files = (
			);
			runOnlyForDeploymentPostprocessing = 0;
		};
/* End PBXResourcesBuildPhase section */

/* Begin PBXSourcesBuildPhase section */
		0C2639DC22E1CEB80069B601 /* Sources */ = {
			isa = PBXSourcesBuildPhase;
			buildActionMask = 2147483647;
			files = (
				0C263A1F22E1D5400069B601 /* DetailViewController.m in Sources */,
				0C263A1822E1D09E0069B601 /* CardCollectionViewCell.m in Sources */,
				0C2639E822E1CEB80069B601 /* ViewController.m in Sources */,
				0C2639F322E1CEBA0069B601 /* main.m in Sources */,
				0C2639E522E1CEB80069B601 /* AppDelegate.m in Sources */,
				0C263A2622E1FA5B0069B601 /* instantPanGesture.m in Sources */,
				0C263A2322E1D9600069B601 /* CustomTransition.m in Sources */,
			);
			runOnlyForDeploymentPostprocessing = 0;
		};
		0C2639F422E1CEBA0069B601 /* Sources */ = {
			isa = PBXSourcesBuildPhase;
			buildActionMask = 2147483647;
			files = (
				0C2639FD22E1CEBA0069B601 /* CardAnimationTests.m in Sources */,
			);
			runOnlyForDeploymentPostprocessing = 0;
		};
		0C2639FF22E1CEBA0069B601 /* Sources */ = {
			isa = PBXSourcesBuildPhase;
			buildActionMask = 2147483647;
			files = (
				0C263A0822E1CEBA0069B601 /* CardAnimationUITests.m in Sources */,
			);
			runOnlyForDeploymentPostprocessing = 0;
		};
/* End PBXSourcesBuildPhase section */

/* Begin PBXTargetDependency section */
		0C2639FA22E1CEBA0069B601 /* PBXTargetDependency */ = {
			isa = PBXTargetDependency;
			target = 0C2639DF22E1CEB80069B601 /* CardAnimation */;
			targetProxy = 0C2639F922E1CEBA0069B601 /* PBXContainerItemProxy */;
		};
		0C263A0522E1CEBA0069B601 /* PBXTargetDependency */ = {
			isa = PBXTargetDependency;
			target = 0C2639DF22E1CEB80069B601 /* CardAnimation */;
			targetProxy = 0C263A0422E1CEBA0069B601 /* PBXContainerItemProxy */;
		};
/* End PBXTargetDependency section */

/* Begin PBXVariantGroup section */
		0C2639E922E1CEB80069B601 /* Main.storyboard */ = {
			isa = PBXVariantGroup;
			children = (
				0C2639EA22E1CEB80069B601 /* Base */,
			);
			name = Main.storyboard;
			sourceTree = "<group>";
		};
		0C2639EE22E1CEBA0069B601 /* LaunchScreen.storyboard */ = {
			isa = PBXVariantGroup;
			children = (
				0C2639EF22E1CEBA0069B601 /* Base */,
			);
			name = LaunchScreen.storyboard;
			sourceTree = "<group>";
		};
/* End PBXVariantGroup section */

/* Begin XCBuildConfiguration section */
		0C263A0A22E1CEBA0069B601 /* Debug */ = {
			isa = XCBuildConfiguration;
			buildSettings = {
				ALWAYS_SEARCH_USER_PATHS = NO;
				CLANG_ANALYZER_NONNULL = YES;
				CLANG_ANALYZER_NUMBER_OBJECT_CONVERSION = YES_AGGRESSIVE;
				CLANG_CXX_LANGUAGE_STANDARD = "gnu++14";
				CLANG_CXX_LIBRARY = "libc++";
				CLANG_ENABLE_MODULES = YES;
				CLANG_ENABLE_OBJC_ARC = YES;
				CLANG_ENABLE_OBJC_WEAK = YES;
				CLANG_WARN_BLOCK_CAPTURE_AUTORELEASING = YES;
				CLANG_WARN_BOOL_CONVERSION = YES;
				CLANG_WARN_COMMA = YES;
				CLANG_WARN_CONSTANT_CONVERSION = YES;
				CLANG_WARN_DEPRECATED_OBJC_IMPLEMENTATIONS = YES;
				CLANG_WARN_DIRECT_OBJC_ISA_USAGE = YES_ERROR;
				CLANG_WARN_DOCUMENTATION_COMMENTS = YES;
				CLANG_WARN_EMPTY_BODY = YES;
				CLANG_WARN_ENUM_CONVERSION = YES;
				CLANG_WARN_INFINITE_RECURSION = YES;
				CLANG_WARN_INT_CONVERSION = YES;
				CLANG_WARN_NON_LITERAL_NULL_CONVERSION = YES;
				CLANG_WARN_OBJC_IMPLICIT_RETAIN_SELF = YES;
				CLANG_WARN_OBJC_LITERAL_CONVERSION = YES;
				CLANG_WARN_OBJC_ROOT_CLASS = YES_ERROR;
				CLANG_WARN_RANGE_LOOP_ANALYSIS = YES;
				CLANG_WARN_STRICT_PROTOTYPES = YES;
				CLANG_WARN_SUSPICIOUS_MOVE = YES;
				CLANG_WARN_UNGUARDED_AVAILABILITY = YES_AGGRESSIVE;
				CLANG_WARN_UNREACHABLE_CODE = YES;
				CLANG_WARN__DUPLICATE_METHOD_MATCH = YES;
				CODE_SIGN_IDENTITY = "iPhone Developer";
				COPY_PHASE_STRIP = NO;
				DEBUG_INFORMATION_FORMAT = dwarf;
				ENABLE_STRICT_OBJC_MSGSEND = YES;
				ENABLE_TESTABILITY = YES;
				GCC_C_LANGUAGE_STANDARD = gnu11;
				GCC_DYNAMIC_NO_PIC = NO;
				GCC_NO_COMMON_BLOCKS = YES;
				GCC_OPTIMIZATION_LEVEL = 0;
				GCC_PREPROCESSOR_DEFINITIONS = (
					"DEBUG=1",
					"$(inherited)",
				);
				GCC_WARN_64_TO_32_BIT_CONVERSION = YES;
				GCC_WARN_ABOUT_RETURN_TYPE = YES_ERROR;
				GCC_WARN_UNDECLARED_SELECTOR = YES;
				GCC_WARN_UNINITIALIZED_AUTOS = YES_AGGRESSIVE;
				GCC_WARN_UNUSED_FUNCTION = YES;
				GCC_WARN_UNUSED_VARIABLE = YES;
				IPHONEOS_DEPLOYMENT_TARGET = 12.2;
				MTL_ENABLE_DEBUG_INFO = INCLUDE_SOURCE;
				MTL_FAST_MATH = YES;
				ONLY_ACTIVE_ARCH = YES;
				SDKROOT = iphoneos;
			};
			name = Debug;
		};
		0C263A0B22E1CEBA0069B601 /* Release */ = {
			isa = XCBuildConfiguration;
			buildSettings = {
				ALWAYS_SEARCH_USER_PATHS = NO;
				CLANG_ANALYZER_NONNULL = YES;
				CLANG_ANALYZER_NUMBER_OBJECT_CONVERSION = YES_AGGRESSIVE;
				CLANG_CXX_LANGUAGE_STANDARD = "gnu++14";
				CLANG_CXX_LIBRARY = "libc++";
				CLANG_ENABLE_MODULES = YES;
				CLANG_ENABLE_OBJC_ARC = YES;
				CLANG_ENABLE_OBJC_WEAK = YES;
				CLANG_WARN_BLOCK_CAPTURE_AUTORELEASING = YES;
				CLANG_WARN_BOOL_CONVERSION = YES;
				CLANG_WARN_COMMA = YES;
				CLANG_WARN_CONSTANT_CONVERSION = YES;
				CLANG_WARN_DEPRECATED_OBJC_IMPLEMENTATIONS = YES;
				CLANG_WARN_DIRECT_OBJC_ISA_USAGE = YES_ERROR;
				CLANG_WARN_DOCUMENTATION_COMMENTS = YES;
				CLANG_WARN_EMPTY_BODY = YES;
				CLANG_WARN_ENUM_CONVERSION = YES;
				CLANG_WARN_INFINITE_RECURSION = YES;
				CLANG_WARN_INT_CONVERSION = YES;
				CLANG_WARN_NON_LITERAL_NULL_CONVERSION = YES;
				CLANG_WARN_OBJC_IMPLICIT_RETAIN_SELF = YES;
				CLANG_WARN_OBJC_LITERAL_CONVERSION = YES;
				CLANG_WARN_OBJC_ROOT_CLASS = YES_ERROR;
				CLANG_WARN_RANGE_LOOP_ANALYSIS = YES;
				CLANG_WARN_STRICT_PROTOTYPES = YES;
				CLANG_WARN_SUSPICIOUS_MOVE = YES;
				CLANG_WARN_UNGUARDED_AVAILABILITY = YES_AGGRESSIVE;
				CLANG_WARN_UNREACHABLE_CODE = YES;
				CLANG_WARN__DUPLICATE_METHOD_MATCH = YES;
				CODE_SIGN_IDENTITY = "iPhone Developer";
				COPY_PHASE_STRIP = NO;
				DEBUG_INFORMATION_FORMAT = "dwarf-with-dsym";
				ENABLE_NS_ASSERTIONS = NO;
				ENABLE_STRICT_OBJC_MSGSEND = YES;
				GCC_C_LANGUAGE_STANDARD = gnu11;
				GCC_NO_COMMON_BLOCKS = YES;
				GCC_WARN_64_TO_32_BIT_CONVERSION = YES;
				GCC_WARN_ABOUT_RETURN_TYPE = YES_ERROR;
				GCC_WARN_UNDECLARED_SELECTOR = YES;
				GCC_WARN_UNINITIALIZED_AUTOS = YES_AGGRESSIVE;
				GCC_WARN_UNUSED_FUNCTION = YES;
				GCC_WARN_UNUSED_VARIABLE = YES;
				IPHONEOS_DEPLOYMENT_TARGET = 12.2;
				MTL_ENABLE_DEBUG_INFO = NO;
				MTL_FAST_MATH = YES;
				SDKROOT = iphoneos;
				VALIDATE_PRODUCT = YES;
			};
			name = Release;
		};
		0C263A0D22E1CEBA0069B601 /* Debug */ = {
			isa = XCBuildConfiguration;
			buildSettings = {
				ASSETCATALOG_COMPILER_APPICON_NAME = AppIcon;
				CODE_SIGN_STYLE = Manual;
				DEVELOPMENT_TEAM = LX58R5EUTX;
				INFOPLIST_FILE = CardAnimation/Info.plist;
				IPHONEOS_DEPLOYMENT_TARGET = 12.0;
				LD_RUNPATH_SEARCH_PATHS = (
					"$(inherited)",
					"@executable_path/Frameworks",
				);
				PRODUCT_BUNDLE_IDENTIFIER = com.dealerpeak.dealerpeakplus;
				PRODUCT_NAME = "$(TARGET_NAME)";
				PROVISIONING_PROFILE_SPECIFIER = DealerPeakPlus_Dev;
				TARGETED_DEVICE_FAMILY = "1,2";
			};
			name = Debug;
		};
		0C263A0E22E1CEBA0069B601 /* Release */ = {
			isa = XCBuildConfiguration;
			buildSettings = {
				ASSETCATALOG_COMPILER_APPICON_NAME = AppIcon;
				CODE_SIGN_IDENTITY = "iPhone Distribution";
				CODE_SIGN_STYLE = Manual;
				DEVELOPMENT_TEAM = LX58R5EUTX;
				INFOPLIST_FILE = CardAnimation/Info.plist;
				IPHONEOS_DEPLOYMENT_TARGET = 12.0;
				LD_RUNPATH_SEARCH_PATHS = (
					"$(inherited)",
					"@executable_path/Frameworks",
				);
				PRODUCT_BUNDLE_IDENTIFIER = com.dealerpeak.dealerpeakplus;
				PRODUCT_NAME = "$(TARGET_NAME)";
				PROVISIONING_PROFILE_SPECIFIER = DealerPeakPlus_Production;
				TARGETED_DEVICE_FAMILY = "1,2";
			};
			name = Release;
		};
		0C263A1022E1CEBA0069B601 /* Debug */ = {
			isa = XCBuildConfiguration;
			buildSettings = {
				BUNDLE_LOADER = "$(TEST_HOST)";
				CODE_SIGN_STYLE = Automatic;
				INFOPLIST_FILE = CardAnimationTests/Info.plist;
				LD_RUNPATH_SEARCH_PATHS = (
					"$(inherited)",
					"@executable_path/Frameworks",
					"@loader_path/Frameworks",
				);
				PRODUCT_BUNDLE_IDENTIFIER = com.demo.CardAnimationTests;
				PRODUCT_NAME = "$(TARGET_NAME)";
				TARGETED_DEVICE_FAMILY = "1,2";
				TEST_HOST = "$(BUILT_PRODUCTS_DIR)/CardAnimation.app/CardAnimation";
			};
			name = Debug;
		};
		0C263A1122E1CEBA0069B601 /* Release */ = {
			isa = XCBuildConfiguration;
			buildSettings = {
				BUNDLE_LOADER = "$(TEST_HOST)";
				CODE_SIGN_STYLE = Automatic;
				INFOPLIST_FILE = CardAnimationTests/Info.plist;
				LD_RUNPATH_SEARCH_PATHS = (
					"$(inherited)",
					"@executable_path/Frameworks",
					"@loader_path/Frameworks",
				);
				PRODUCT_BUNDLE_IDENTIFIER = com.demo.CardAnimationTests;
				PRODUCT_NAME = "$(TARGET_NAME)";
				TARGETED_DEVICE_FAMILY = "1,2";
				TEST_HOST = "$(BUILT_PRODUCTS_DIR)/CardAnimation.app/CardAnimation";
			};
			name = Release;
		};
		0C263A1322E1CEBA0069B601 /* Debug */ = {
			isa = XCBuildConfiguration;
			buildSettings = {
				CODE_SIGN_STYLE = Automatic;
				INFOPLIST_FILE = CardAnimationUITests/Info.plist;
				LD_RUNPATH_SEARCH_PATHS = (
					"$(inherited)",
					"@executable_path/Frameworks",
					"@loader_path/Frameworks",
				);
				PRODUCT_BUNDLE_IDENTIFIER = com.demo.CardAnimationUITests;
				PRODUCT_NAME = "$(TARGET_NAME)";
				TARGETED_DEVICE_FAMILY = "1,2";
				TEST_TARGET_NAME = CardAnimation;
			};
			name = Debug;
		};
		0C263A1422E1CEBA0069B601 /* Release */ = {
			isa = XCBuildConfiguration;
			buildSettings = {
				CODE_SIGN_STYLE = Automatic;
				INFOPLIST_FILE = CardAnimationUITests/Info.plist;
				LD_RUNPATH_SEARCH_PATHS = (
					"$(inherited)",
					"@executable_path/Frameworks",
					"@loader_path/Frameworks",
				);
				PRODUCT_BUNDLE_IDENTIFIER = com.demo.CardAnimationUITests;
				PRODUCT_NAME = "$(TARGET_NAME)";
				TARGETED_DEVICE_FAMILY = "1,2";
				TEST_TARGET_NAME = CardAnimation;
			};
			name = Release;
		};
/* End XCBuildConfiguration section */

/* Begin XCConfigurationList section */
		0C2639DB22E1CEB70069B601 /* Build configuration list for PBXProject "CardAnimation" */ = {
			isa = XCConfigurationList;
			buildConfigurations = (
				0C263A0A22E1CEBA0069B601 /* Debug */,
				0C263A0B22E1CEBA0069B601 /* Release */,
			);
			defaultConfigurationIsVisible = 0;
			defaultConfigurationName = Release;
		};
		0C263A0C22E1CEBA0069B601 /* Build configuration list for PBXNativeTarget "CardAnimation" */ = {
			isa = XCConfigurationList;
			buildConfigurations = (
				0C263A0D22E1CEBA0069B601 /* Debug */,
				0C263A0E22E1CEBA0069B601 /* Release */,
			);
			defaultConfigurationIsVisible = 0;
			defaultConfigurationName = Release;
		};
		0C263A0F22E1CEBA0069B601 /* Build configuration list for PBXNativeTarget "CardAnimationTests" */ = {
			isa = XCConfigurationList;
			buildConfigurations = (
				0C263A1022E1CEBA0069B601 /* Debug */,
				0C263A1122E1CEBA0069B601 /* Release */,
			);
			defaultConfigurationIsVisible = 0;
			defaultConfigurationName = Release;
		};
		0C263A1222E1CEBA0069B601 /* Build configuration list for PBXNativeTarget "CardAnimationUITests" */ = {
			isa = XCConfigurationList;
			buildConfigurations = (
				0C263A1322E1CEBA0069B601 /* Debug */,
				0C263A1422E1CEBA0069B601 /* Release */,
			);
			defaultConfigurationIsVisible = 0;
			defaultConfigurationName = Release;
		};
/* End XCConfigurationList section */
	};
	rootObject = 0C2639D822E1CEB70069B601 /* Project object */;
}
